Microsoft Visual Studio Solution File, Format Version 12.00
# Visual Studio Version 17
VisualStudioVersion = 17.5.2.0
MinimumVisualStudioVersion = 10.0.40219.1
Project("{FAE04EC0-301F-11D3-BF4B-00C04F79EFBC}") = "electronics-online-store", "electronics-online-store.csproj", "{11D2AA6D-C397-2F90-9C61-C7204A2AC0B7}"
EndProject
Global
	GlobalSection(SolutionConfigurationPlatforms) = preSolution
		Debug|Any CPU = Debug|Any CPU
		Release|Any CPU = Release|Any CPU
	EndGlobalSection
	GlobalSection(ProjectConfigurationPlatforms) = postSolution
		{11D2AA6D-C397-2F90-9C61-C7204A2AC0B7}.Debug|Any CPU.ActiveCfg = Debug|Any CPU
		{11D2AA6D-C397-2F90-9C61-C7204A2AC0B7}.Debug|Any CPU.Build.0 = Debug|Any CPU
		{11D2AA6D-C397-2F90-9C61-C7204A2AC0B7}.Release|Any CPU.ActiveCfg = Release|Any CPU
		{11D2AA6D-C397-2F90-9C61-C7204A2AC0B7}.Release|Any CPU.Build.0 = Release|Any CPU
	EndGlobalSection
	GlobalSection(SolutionProperties) = preSolution
		HideSolutionNode = FALSE
	EndGlobalSection
	GlobalSection(ExtensibilityGlobals) = postSolution
		SolutionGuid = {38E5DD42-D159-49C3-B3B0-B2D0A2191797}
	EndGlobalSection
EndGlobal
